// !$*UTF8*$!
{
	archiveVersion = 1;
	classes = {
	};
	objectVersion = 56;
	objects = {

/* Begin PBXBuildFile section */
		742A6C4229D5B8ED008F3B80 /* CurrencySaved.xcdatamodeld in Sources */ = {isa = PBXBuildFile; fileRef = 742A6C4029D5B8ED008F3B80 /* CurrencySaved.xcdatamodeld */; };
		742A6C4C29D5BA76008F3B80 /* CoreDataManager.swift in Sources */ = {isa = PBXBuildFile; fileRef = 742A6C4B29D5BA76008F3B80 /* CoreDataManager.swift */; };
		742A6C4F29D5BC2A008F3B80 /* CurrencySaved+CoreDataClass.swift in Sources */ = {isa = PBXBuildFile; fileRef = 742A6C4D29D5BC2A008F3B80 /* CurrencySaved+CoreDataClass.swift */; };
		742A6C5029D5BC2A008F3B80 /* CurrencySaved+CoreDataProperties.swift in Sources */ = {isa = PBXBuildFile; fileRef = 742A6C4E29D5BC2A008F3B80 /* CurrencySaved+CoreDataProperties.swift */; };
		742A6C5529D6963F008F3B80 /* RequestUrl.swift in Sources */ = {isa = PBXBuildFile; fileRef = 742A6C5429D6963F008F3B80 /* RequestUrl.swift */; };
		7450049529A4995E00945D22 /* AppDelegate.swift in Sources */ = {isa = PBXBuildFile; fileRef = 7450049429A4995E00945D22 /* AppDelegate.swift */; };
		7450049729A4995E00945D22 /* SceneDelegate.swift in Sources */ = {isa = PBXBuildFile; fileRef = 7450049629A4995E00945D22 /* SceneDelegate.swift */; };
		745004A129A4995F00945D22 /* Assets.xcassets in Resources */ = {isa = PBXBuildFile; fileRef = 745004A029A4995F00945D22 /* Assets.xcassets */; };
		745004A429A4995F00945D22 /* LaunchScreen.storyboard in Resources */ = {isa = PBXBuildFile; fileRef = 745004A229A4995F00945D22 /* LaunchScreen.storyboard */; };
		745004AC29A49A0A00945D22 /* TabBarViewController.swift in Sources */ = {isa = PBXBuildFile; fileRef = 745004AB29A49A0A00945D22 /* TabBarViewController.swift */; };
		745004B229A49C0C00945D22 /* CalculatorViewController.swift in Sources */ = {isa = PBXBuildFile; fileRef = 745004B129A49C0C00945D22 /* CalculatorViewController.swift */; };
		745004B429A49C5500945D22 /* ExchangeRateViewController.swift in Sources */ = {isa = PBXBuildFile; fileRef = 745004B329A49C5500945D22 /* ExchangeRateViewController.swift */; };
		745004B829A49F6C00945D22 /* UIImageExtension.swift in Sources */ = {isa = PBXBuildFile; fileRef = 745004B729A49F6C00945D22 /* UIImageExtension.swift */; };
		745004BA29A4B10500945D22 /* CalculatorUIStackView.swift in Sources */ = {isa = PBXBuildFile; fileRef = 745004B929A4B10500945D22 /* CalculatorUIStackView.swift */; };
		745004BC29A4D74000945D22 /* UITabBarExtension.swift in Sources */ = {isa = PBXBuildFile; fileRef = 745004BB29A4D74000945D22 /* UITabBarExtension.swift */; };
		745C155A29B9FF69006CAE86 /* ExchangeRateCollectionViewCell.swift in Sources */ = {isa = PBXBuildFile; fileRef = 745C155929B9FF69006CAE86 /* ExchangeRateCollectionViewCell.swift */; };
		745C155D29BB7289006CAE86 /* ImageCacheManager.swift in Sources */ = {isa = PBXBuildFile; fileRef = 745C155C29BB7289006CAE86 /* ImageCacheManager.swift */; };
		7469A81329C32663005E6C6A /* CurrencySelectionViewController.swift in Sources */ = {isa = PBXBuildFile; fileRef = 7469A81229C32663005E6C6A /* CurrencySelectionViewController.swift */; };
		7469A81529C43044005E6C6A /* CurrencySelectionTableViewCell.swift in Sources */ = {isa = PBXBuildFile; fileRef = 7469A81429C43044005E6C6A /* CurrencySelectionTableViewCell.swift */; };
		746B3AAE29C8CC3E005D08E8 /* .gitignore in Resources */ = {isa = PBXBuildFile; fileRef = 746B3AAD29C8CC3E005D08E8 /* .gitignore */; };
		7472CB6929AA15D70097DBFC /* CALayerExtension.swift in Sources */ = {isa = PBXBuildFile; fileRef = 7472CB6829AA15D70097DBFC /* CALayerExtension.swift */; };
		7472CB6B29AA1BEE0097DBFC /* UIViewExtension.swift in Sources */ = {isa = PBXBuildFile; fileRef = 7472CB6A29AA1BEE0097DBFC /* UIViewExtension.swift */; };
		748D65DB29BF3A90003F58D2 /* ExchangeRateCollectionViewHeader.swift in Sources */ = {isa = PBXBuildFile; fileRef = 748D65DA29BF3A90003F58D2 /* ExchangeRateCollectionViewHeader.swift */; };
		74C291E329C8ACC800664A07 /* NetworkMonitor.swift in Sources */ = {isa = PBXBuildFile; fileRef = 74C291E229C8ACC800664A07 /* NetworkMonitor.swift */; };
		74FD862529ACCB5800FD8925 /* Pretendard-Medium.otf in Resources */ = {isa = PBXBuildFile; fileRef = 74FD861C29ACCB5700FD8925 /* Pretendard-Medium.otf */; };
		74FD862629ACCB5800FD8925 /* Pretendard-ExtraBold.otf in Resources */ = {isa = PBXBuildFile; fileRef = 74FD861D29ACCB5700FD8925 /* Pretendard-ExtraBold.otf */; };
		74FD862729ACCB5800FD8925 /* Pretendard-Bold.otf in Resources */ = {isa = PBXBuildFile; fileRef = 74FD861E29ACCB5700FD8925 /* Pretendard-Bold.otf */; };
		74FD862829ACCB5800FD8925 /* Pretendard-ExtraLight.otf in Resources */ = {isa = PBXBuildFile; fileRef = 74FD861F29ACCB5800FD8925 /* Pretendard-ExtraLight.otf */; };
		74FD862929ACCB5800FD8925 /* Pretendard-SemiBold.otf in Resources */ = {isa = PBXBuildFile; fileRef = 74FD862029ACCB5800FD8925 /* Pretendard-SemiBold.otf */; };
		74FD862A29ACCB5800FD8925 /* Pretendard-Thin.otf in Resources */ = {isa = PBXBuildFile; fileRef = 74FD862129ACCB5800FD8925 /* Pretendard-Thin.otf */; };
		74FD862B29ACCB5800FD8925 /* Pretendard-Black.otf in Resources */ = {isa = PBXBuildFile; fileRef = 74FD862229ACCB5800FD8925 /* Pretendard-Black.otf */; };
		74FD862C29ACCB5800FD8925 /* Pretendard-Light.otf in Resources */ = {isa = PBXBuildFile; fileRef = 74FD862329ACCB5800FD8925 /* Pretendard-Light.otf */; };
		74FD862D29ACCB5800FD8925 /* Pretendard-Regular.otf in Resources */ = {isa = PBXBuildFile; fileRef = 74FD862429ACCB5800FD8925 /* Pretendard-Regular.otf */; };
		74FD862F29ACCCA800FD8925 /* UIFontExtension.swift in Sources */ = {isa = PBXBuildFile; fileRef = 74FD862E29ACCCA800FD8925 /* UIFontExtension.swift */; };
		74FD863129B066C500FD8925 /* Currency.swift in Sources */ = {isa = PBXBuildFile; fileRef = 74FD863029B066C500FD8925 /* Currency.swift */; };
		74FD863429B06A6C00FD8925 /* NetworkManager.swift in Sources */ = {isa = PBXBuildFile; fileRef = 74FD863329B06A6C00FD8925 /* NetworkManager.swift */; };
		74FD863629B06C5E00FD8925 /* CurrencyFetcher.swift in Sources */ = {isa = PBXBuildFile; fileRef = 74FD863529B06C5E00FD8925 /* CurrencyFetcher.swift */; };
		74FD863929B06E1700FD8925 /* Constants.swift in Sources */ = {isa = PBXBuildFile; fileRef = 74FD863829B06E1700FD8925 /* Constants.swift */; };
/* End PBXBuildFile section */

/* Begin PBXFileReference section */
		742A6C4129D5B8ED008F3B80 /* CurrencySaved.xcdatamodel */ = {isa = PBXFileReference; lastKnownFileType = wrapper.xcdatamodel; path = CurrencySaved.xcdatamodel; sourceTree = "<group>"; };
		742A6C4B29D5BA76008F3B80 /* CoreDataManager.swift */ = {isa = PBXFileReference; lastKnownFileType = sourcecode.swift; path = CoreDataManager.swift; sourceTree = "<group>"; };
		742A6C4D29D5BC2A008F3B80 /* CurrencySaved+CoreDataClass.swift */ = {isa = PBXFileReference; lastKnownFileType = sourcecode.swift; path = "CurrencySaved+CoreDataClass.swift"; sourceTree = "<group>"; };
		742A6C4E29D5BC2A008F3B80 /* CurrencySaved+CoreDataProperties.swift */ = {isa = PBXFileReference; lastKnownFileType = sourcecode.swift; path = "CurrencySaved+CoreDataProperties.swift"; sourceTree = "<group>"; };
		742A6C5429D6963F008F3B80 /* RequestUrl.swift */ = {isa = PBXFileReference; lastKnownFileType = sourcecode.swift; path = RequestUrl.swift; sourceTree = "<group>"; };
		7450049129A4995E00945D22 /* RealTimeCalculator.app */ = {isa = PBXFileReference; explicitFileType = wrapper.application; includeInIndex = 0; path = RealTimeCalculator.app; sourceTree = BUILT_PRODUCTS_DIR; };
		7450049429A4995E00945D22 /* AppDelegate.swift */ = {isa = PBXFileReference; lastKnownFileType = sourcecode.swift; path = AppDelegate.swift; sourceTree = "<group>"; };
		7450049629A4995E00945D22 /* SceneDelegate.swift */ = {isa = PBXFileReference; lastKnownFileType = sourcecode.swift; path = SceneDelegate.swift; sourceTree = "<group>"; };
		745004A029A4995F00945D22 /* Assets.xcassets */ = {isa = PBXFileReference; lastKnownFileType = folder.assetcatalog; path = Assets.xcassets; sourceTree = "<group>"; };
		745004A329A4995F00945D22 /* Base */ = {isa = PBXFileReference; lastKnownFileType = file.storyboard; name = Base; path = Base.lproj/LaunchScreen.storyboard; sourceTree = "<group>"; };
		745004A529A4995F00945D22 /* Info.plist */ = {isa = PBXFileReference; lastKnownFileType = text.plist.xml; path = Info.plist; sourceTree = "<group>"; };
		745004AB29A49A0A00945D22 /* TabBarViewController.swift */ = {isa = PBXFileReference; lastKnownFileType = sourcecode.swift; path = TabBarViewController.swift; sourceTree = "<group>"; };
		745004B129A49C0C00945D22 /* CalculatorViewController.swift */ = {isa = PBXFileReference; lastKnownFileType = sourcecode.swift; path = CalculatorViewController.swift; sourceTree = "<group>"; };
		745004B329A49C5500945D22 /* ExchangeRateViewController.swift */ = {isa = PBXFileReference; lastKnownFileType = sourcecode.swift; path = ExchangeRateViewController.swift; sourceTree = "<group>"; };
		745004B729A49F6C00945D22 /* UIImageExtension.swift */ = {isa = PBXFileReference; lastKnownFileType = sourcecode.swift; path = UIImageExtension.swift; sourceTree = "<group>"; };
		745004B929A4B10500945D22 /* CalculatorUIStackView.swift */ = {isa = PBXFileReference; lastKnownFileType = sourcecode.swift; path = CalculatorUIStackView.swift; sourceTree = "<group>"; };
		745004BB29A4D74000945D22 /* UITabBarExtension.swift */ = {isa = PBXFileReference; lastKnownFileType = sourcecode.swift; path = UITabBarExtension.swift; sourceTree = "<group>"; };
		745C155929B9FF69006CAE86 /* ExchangeRateCollectionViewCell.swift */ = {isa = PBXFileReference; lastKnownFileType = sourcecode.swift; path = ExchangeRateCollectionViewCell.swift; sourceTree = "<group>"; };
		745C155C29BB7289006CAE86 /* ImageCacheManager.swift */ = {isa = PBXFileReference; lastKnownFileType = sourcecode.swift; path = ImageCacheManager.swift; sourceTree = "<group>"; };
		7469A81229C32663005E6C6A /* CurrencySelectionViewController.swift */ = {isa = PBXFileReference; lastKnownFileType = sourcecode.swift; path = CurrencySelectionViewController.swift; sourceTree = "<group>"; };
		7469A81429C43044005E6C6A /* CurrencySelectionTableViewCell.swift */ = {isa = PBXFileReference; lastKnownFileType = sourcecode.swift; path = CurrencySelectionTableViewCell.swift; sourceTree = "<group>"; };
		746B3AAD29C8CC3E005D08E8 /* .gitignore */ = {isa = PBXFileReference; lastKnownFileType = text; path = .gitignore; sourceTree = "<group>"; };
		7472CB6829AA15D70097DBFC /* CALayerExtension.swift */ = {isa = PBXFileReference; lastKnownFileType = sourcecode.swift; path = CALayerExtension.swift; sourceTree = "<group>"; };
		7472CB6A29AA1BEE0097DBFC /* UIViewExtension.swift */ = {isa = PBXFileReference; lastKnownFileType = sourcecode.swift; path = UIViewExtension.swift; sourceTree = "<group>"; };
		748D65DA29BF3A90003F58D2 /* ExchangeRateCollectionViewHeader.swift */ = {isa = PBXFileReference; lastKnownFileType = sourcecode.swift; path = ExchangeRateCollectionViewHeader.swift; sourceTree = "<group>"; };
		74C291E229C8ACC800664A07 /* NetworkMonitor.swift */ = {isa = PBXFileReference; lastKnownFileType = sourcecode.swift; path = NetworkMonitor.swift; sourceTree = "<group>"; };
		74FD861C29ACCB5700FD8925 /* Pretendard-Medium.otf */ = {isa = PBXFileReference; lastKnownFileType = file; path = "Pretendard-Medium.otf"; sourceTree = "<group>"; };
		74FD861D29ACCB5700FD8925 /* Pretendard-ExtraBold.otf */ = {isa = PBXFileReference; lastKnownFileType = file; path = "Pretendard-ExtraBold.otf"; sourceTree = "<group>"; };
		74FD861E29ACCB5700FD8925 /* Pretendard-Bold.otf */ = {isa = PBXFileReference; lastKnownFileType = file; path = "Pretendard-Bold.otf"; sourceTree = "<group>"; };
		74FD861F29ACCB5800FD8925 /* Pretendard-ExtraLight.otf */ = {isa = PBXFileReference; lastKnownFileType = file; path = "Pretendard-ExtraLight.otf"; sourceTree = "<group>"; };
		74FD862029ACCB5800FD8925 /* Pretendard-SemiBold.otf */ = {isa = PBXFileReference; lastKnownFileType = file; path = "Pretendard-SemiBold.otf"; sourceTree = "<group>"; };
		74FD862129ACCB5800FD8925 /* Pretendard-Thin.otf */ = {isa = PBXFileReference; lastKnownFileType = file; path = "Pretendard-Thin.otf"; sourceTree = "<group>"; };
		74FD862229ACCB5800FD8925 /* Pretendard-Black.otf */ = {isa = PBXFileReference; lastKnownFileType = file; path = "Pretendard-Black.otf"; sourceTree = "<group>"; };
		74FD862329ACCB5800FD8925 /* Pretendard-Light.otf */ = {isa = PBXFileReference; lastKnownFileType = file; path = "Pretendard-Light.otf"; sourceTree = "<group>"; };
		74FD862429ACCB5800FD8925 /* Pretendard-Regular.otf */ = {isa = PBXFileReference; lastKnownFileType = file; path = "Pretendard-Regular.otf"; sourceTree = "<group>"; };
		74FD862E29ACCCA800FD8925 /* UIFontExtension.swift */ = {isa = PBXFileReference; lastKnownFileType = sourcecode.swift; path = UIFontExtension.swift; sourceTree = "<group>"; };
		74FD863029B066C500FD8925 /* Currency.swift */ = {isa = PBXFileReference; lastKnownFileType = sourcecode.swift; path = Currency.swift; sourceTree = "<group>"; };
		74FD863329B06A6C00FD8925 /* NetworkManager.swift */ = {isa = PBXFileReference; lastKnownFileType = sourcecode.swift; path = NetworkManager.swift; sourceTree = "<group>"; };
		74FD863529B06C5E00FD8925 /* CurrencyFetcher.swift */ = {isa = PBXFileReference; lastKnownFileType = sourcecode.swift; path = CurrencyFetcher.swift; sourceTree = "<group>"; };
		74FD863829B06E1700FD8925 /* Constants.swift */ = {isa = PBXFileReference; lastKnownFileType = sourcecode.swift; path = Constants.swift; sourceTree = "<group>"; };
/* End PBXFileReference section */

/* Begin PBXFrameworksBuildPhase section */
		7450048E29A4995E00945D22 /* Frameworks */ = {
			isa = PBXFrameworksBuildPhase;
			buildActionMask = 2147483647;
			files = (
			);
			runOnlyForDeploymentPostprocessing = 0;
		};
/* End PBXFrameworksBuildPhase section */

/* Begin PBXGroup section */
		742A6C5129D5C18F008F3B80 /* CoreData */ = {
			isa = PBXGroup;
			children = (
				742A6C4D29D5BC2A008F3B80 /* CurrencySaved+CoreDataClass.swift */,
				742A6C4E29D5BC2A008F3B80 /* CurrencySaved+CoreDataProperties.swift */,
				742A6C4B29D5BA76008F3B80 /* CoreDataManager.swift */,
			);
			path = CoreData;
			sourceTree = "<group>";
		};
		742A6C5629D6A254008F3B80 /* Fetcher */ = {
			isa = PBXGroup;
			children = (
				74FD863529B06C5E00FD8925 /* CurrencyFetcher.swift */,
			);
			path = Fetcher;
			sourceTree = "<group>";
		};
		7450048829A4995E00945D22 = {
			isa = PBXGroup;
			children = (
				746B3AAD29C8CC3E005D08E8 /* .gitignore */,
				7450049329A4995E00945D22 /* RealTimeCalculator */,
				7450049229A4995E00945D22 /* Products */,
			);
			sourceTree = "<group>";
		};
		7450049229A4995E00945D22 /* Products */ = {
			isa = PBXGroup;
			children = (
				7450049129A4995E00945D22 /* RealTimeCalculator.app */,
			);
			name = Products;
			sourceTree = "<group>";
		};
		7450049329A4995E00945D22 /* RealTimeCalculator */ = {
			isa = PBXGroup;
			children = (
				745004B529A49F0300945D22 /* Global */,
				745004AD29A49A2C00945D22 /* Models */,
				745004AE29A49A3800945D22 /* Views */,
				745004AF29A49A4100945D22 /* Controllers */,
				7450049429A4995E00945D22 /* AppDelegate.swift */,
				7450049629A4995E00945D22 /* SceneDelegate.swift */,
				742A6C4029D5B8ED008F3B80 /* CurrencySaved.xcdatamodeld */,
				745004A029A4995F00945D22 /* Assets.xcassets */,
				745004A229A4995F00945D22 /* LaunchScreen.storyboard */,
				745004A529A4995F00945D22 /* Info.plist */,
			);
			path = RealTimeCalculator;
			sourceTree = "<group>";
		};
		745004AD29A49A2C00945D22 /* Models */ = {
			isa = PBXGroup;
			children = (
				74FD863029B066C500FD8925 /* Currency.swift */,
			);
			path = Models;
			sourceTree = "<group>";
		};
		745004AE29A49A3800945D22 /* Views */ = {
			isa = PBXGroup;
			children = (
				74C291E029C893F200664A07 /* Calculator */,
				74C291E129C893FF00664A07 /* ExchangeRate */,
			);
			path = Views;
			sourceTree = "<group>";
		};
		745004AF29A49A4100945D22 /* Controllers */ = {
			isa = PBXGroup;
			children = (
				745004AB29A49A0A00945D22 /* TabBarViewController.swift */,
				7469A81829C469D3005E6C6A /* Calculator */,
				745004B029A49A6900945D22 /* ExchangeRate */,
			);
			path = Controllers;
			sourceTree = "<group>";
		};
		745004B029A49A6900945D22 /* ExchangeRate */ = {
			isa = PBXGroup;
			children = (
				745004B329A49C5500945D22 /* ExchangeRateViewController.swift */,
			);
			path = ExchangeRate;
			sourceTree = "<group>";
		};
		745004B529A49F0300945D22 /* Global */ = {
			isa = PBXGroup;
			children = (
				745C155B29BB7264006CAE86 /* Cache */,
				742A6C5129D5C18F008F3B80 /* CoreData */,
				74FD863729B06DFF00FD8925 /* Constants */,
				745004B629A49F5000945D22 /* Extension */,
				742A6C5629D6A254008F3B80 /* Fetcher */,
				74FD861B29ACCB4400FD8925 /* Fonts */,
				74FD863229B06A5C00FD8925 /* Network */,
			);
			path = Global;
			sourceTree = "<group>";
		};
		745004B629A49F5000945D22 /* Extension */ = {
			isa = PBXGroup;
			children = (
				745004B729A49F6C00945D22 /* UIImageExtension.swift */,
				745004BB29A4D74000945D22 /* UITabBarExtension.swift */,
				7472CB6829AA15D70097DBFC /* CALayerExtension.swift */,
				7472CB6A29AA1BEE0097DBFC /* UIViewExtension.swift */,
				74FD862E29ACCCA800FD8925 /* UIFontExtension.swift */,
			);
			path = Extension;
			sourceTree = "<group>";
		};
		745C155B29BB7264006CAE86 /* Cache */ = {
			isa = PBXGroup;
			children = (
				745C155C29BB7289006CAE86 /* ImageCacheManager.swift */,
			);
			path = Cache;
			sourceTree = "<group>";
		};
		7469A81829C469D3005E6C6A /* Calculator */ = {
			isa = PBXGroup;
			children = (
				745004B129A49C0C00945D22 /* CalculatorViewController.swift */,
				7469A81229C32663005E6C6A /* CurrencySelectionViewController.swift */,
			);
			path = Calculator;
			sourceTree = "<group>";
		};
		74C291E029C893F200664A07 /* Calculator */ = {
			isa = PBXGroup;
			children = (
				745004B929A4B10500945D22 /* CalculatorUIStackView.swift */,
				7469A81429C43044005E6C6A /* CurrencySelectionTableViewCell.swift */,
			);
			path = Calculator;
			sourceTree = "<group>";
		};
		74C291E129C893FF00664A07 /* ExchangeRate */ = {
			isa = PBXGroup;
			children = (
				745C155929B9FF69006CAE86 /* ExchangeRateCollectionViewCell.swift */,
				748D65DA29BF3A90003F58D2 /* ExchangeRateCollectionViewHeader.swift */,
			);
			path = ExchangeRate;
			sourceTree = "<group>";
		};
		74FD861B29ACCB4400FD8925 /* Fonts */ = {
			isa = PBXGroup;
			children = (
				74FD862229ACCB5800FD8925 /* Pretendard-Black.otf */,
				74FD861E29ACCB5700FD8925 /* Pretendard-Bold.otf */,
				74FD861D29ACCB5700FD8925 /* Pretendard-ExtraBold.otf */,
				74FD861F29ACCB5800FD8925 /* Pretendard-ExtraLight.otf */,
				74FD862329ACCB5800FD8925 /* Pretendard-Light.otf */,
				74FD861C29ACCB5700FD8925 /* Pretendard-Medium.otf */,
				74FD862429ACCB5800FD8925 /* Pretendard-Regular.otf */,
				74FD862029ACCB5800FD8925 /* Pretendard-SemiBold.otf */,
				74FD862129ACCB5800FD8925 /* Pretendard-Thin.otf */,
			);
			path = Fonts;
			sourceTree = "<group>";
		};
		74FD863229B06A5C00FD8925 /* Network */ = {
			isa = PBXGroup;
			children = (
				74FD863329B06A6C00FD8925 /* NetworkManager.swift */,
				74C291E229C8ACC800664A07 /* NetworkMonitor.swift */,
			);
			path = Network;
			sourceTree = "<group>";
		};
		74FD863729B06DFF00FD8925 /* Constants */ = {
			isa = PBXGroup;
			children = (
				74FD863829B06E1700FD8925 /* Constants.swift */,
				742A6C5429D6963F008F3B80 /* RequestUrl.swift */,
			);
			path = Constants;
			sourceTree = "<group>";
		};
/* End PBXGroup section */

/* Begin PBXNativeTarget section */
		7450049029A4995E00945D22 /* RealTimeCalculator */ = {
			isa = PBXNativeTarget;
			buildConfigurationList = 745004A829A4995F00945D22 /* Build configuration list for PBXNativeTarget "RealTimeCalculator" */;
			buildPhases = (
				7450048D29A4995E00945D22 /* Sources */,
				7450048E29A4995E00945D22 /* Frameworks */,
				7450048F29A4995E00945D22 /* Resources */,
			);
			buildRules = (
			);
			dependencies = (
			);
			name = RealTimeCalculator;
			productName = SmartCalculator;
			productReference = 7450049129A4995E00945D22 /* RealTimeCalculator.app */;
			productType = "com.apple.product-type.application";
		};
/* End PBXNativeTarget section */

/* Begin PBXProject section */
		7450048929A4995E00945D22 /* Project object */ = {
			isa = PBXProject;
			attributes = {
				BuildIndependentTargetsInParallel = 1;
				LastSwiftUpdateCheck = 1420;
				LastUpgradeCheck = 1420;
				TargetAttributes = {
					7450049029A4995E00945D22 = {
						CreatedOnToolsVersion = 14.2;
					};
				};
			};
			buildConfigurationList = 7450048C29A4995E00945D22 /* Build configuration list for PBXProject "RealTimeCalculator" */;
			compatibilityVersion = "Xcode 14.0";
			developmentRegion = en;
			hasScannedForEncodings = 0;
			knownRegions = (
				en,
				Base,
			);
			mainGroup = 7450048829A4995E00945D22;
			productRefGroup = 7450049229A4995E00945D22 /* Products */;
			projectDirPath = "";
			projectRoot = "";
			targets = (
				7450049029A4995E00945D22 /* RealTimeCalculator */,
			);
		};
/* End PBXProject section */

/* Begin PBXResourcesBuildPhase section */
		7450048F29A4995E00945D22 /* Resources */ = {
			isa = PBXResourcesBuildPhase;
			buildActionMask = 2147483647;
			files = (
				74FD862829ACCB5800FD8925 /* Pretendard-ExtraLight.otf in Resources */,
				745004A429A4995F00945D22 /* LaunchScreen.storyboard in Resources */,
				74FD862929ACCB5800FD8925 /* Pretendard-SemiBold.otf in Resources */,
				74FD862C29ACCB5800FD8925 /* Pretendard-Light.otf in Resources */,
				746B3AAE29C8CC3E005D08E8 /* .gitignore in Resources */,
				74FD862A29ACCB5800FD8925 /* Pretendard-Thin.otf in Resources */,
				74FD862B29ACCB5800FD8925 /* Pretendard-Black.otf in Resources */,
				74FD862729ACCB5800FD8925 /* Pretendard-Bold.otf in Resources */,
				745004A129A4995F00945D22 /* Assets.xcassets in Resources */,
				74FD862D29ACCB5800FD8925 /* Pretendard-Regular.otf in Resources */,
				74FD862629ACCB5800FD8925 /* Pretendard-ExtraBold.otf in Resources */,
				74FD862529ACCB5800FD8925 /* Pretendard-Medium.otf in Resources */,
			);
			runOnlyForDeploymentPostprocessing = 0;
		};
/* End PBXResourcesBuildPhase section */

/* Begin PBXSourcesBuildPhase section */
		7450048D29A4995E00945D22 /* Sources */ = {
			isa = PBXSourcesBuildPhase;
			buildActionMask = 2147483647;
			files = (
				745004B429A49C5500945D22 /* ExchangeRateViewController.swift in Sources */,
				74FD863629B06C5E00FD8925 /* CurrencyFetcher.swift in Sources */,
				745C155D29BB7289006CAE86 /* ImageCacheManager.swift in Sources */,
				748D65DB29BF3A90003F58D2 /* ExchangeRateCollectionViewHeader.swift in Sources */,
				7450049529A4995E00945D22 /* AppDelegate.swift in Sources */,
				745004AC29A49A0A00945D22 /* TabBarViewController.swift in Sources */,
				745004BA29A4B10500945D22 /* CalculatorUIStackView.swift in Sources */,
				742A6C5529D6963F008F3B80 /* RequestUrl.swift in Sources */,
				7472CB6B29AA1BEE0097DBFC /* UIViewExtension.swift in Sources */,
				74FD863929B06E1700FD8925 /* Constants.swift in Sources */,
				742A6C5029D5BC2A008F3B80 /* CurrencySaved+CoreDataProperties.swift in Sources */,
				745C155A29B9FF69006CAE86 /* ExchangeRateCollectionViewCell.swift in Sources */,
				74C291E329C8ACC800664A07 /* NetworkMonitor.swift in Sources */,
				745004B229A49C0C00945D22 /* CalculatorViewController.swift in Sources */,
				7469A81529C43044005E6C6A /* CurrencySelectionTableViewCell.swift in Sources */,
				745004BC29A4D74000945D22 /* UITabBarExtension.swift in Sources */,
				74FD863129B066C500FD8925 /* Currency.swift in Sources */,
				742A6C4F29D5BC2A008F3B80 /* CurrencySaved+CoreDataClass.swift in Sources */,
				7450049729A4995E00945D22 /* SceneDelegate.swift in Sources */,
				74FD863429B06A6C00FD8925 /* NetworkManager.swift in Sources */,
				7469A81329C32663005E6C6A /* CurrencySelectionViewController.swift in Sources */,
				742A6C4C29D5BA76008F3B80 /* CoreDataManager.swift in Sources */,
				745004B829A49F6C00945D22 /* UIImageExtension.swift in Sources */,
				742A6C4229D5B8ED008F3B80 /* CurrencySaved.xcdatamodeld in Sources */,
				74FD862F29ACCCA800FD8925 /* UIFontExtension.swift in Sources */,
				7472CB6929AA15D70097DBFC /* CALayerExtension.swift in Sources */,
			);
			runOnlyForDeploymentPostprocessing = 0;
		};
/* End PBXSourcesBuildPhase section */

/* Begin PBXVariantGroup section */
		745004A229A4995F00945D22 /* LaunchScreen.storyboard */ = {
			isa = PBXVariantGroup;
			children = (
				745004A329A4995F00945D22 /* Base */,
			);
			name = LaunchScreen.storyboard;
			sourceTree = "<group>";
		};
/* End PBXVariantGroup section */

/* Begin XCBuildConfiguration section */
		745004A629A4995F00945D22 /* Debug */ = {
			isa = XCBuildConfiguration;
			buildSettings = {
				ALWAYS_SEARCH_USER_PATHS = NO;
				CLANG_ANALYZER_NONNULL = YES;
				CLANG_ANALYZER_NUMBER_OBJECT_CONVERSION = YES_AGGRESSIVE;
				CLANG_CXX_LANGUAGE_STANDARD = "gnu++20";
				CLANG_ENABLE_MODULES = YES;
				CLANG_ENABLE_OBJC_ARC = YES;
				CLANG_ENABLE_OBJC_WEAK = YES;
				CLANG_WARN_BLOCK_CAPTURE_AUTORELEASING = YES;
				CLANG_WARN_BOOL_CONVERSION = YES;
				CLANG_WARN_COMMA = YES;
				CLANG_WARN_CONSTANT_CONVERSION = YES;
				CLANG_WARN_DEPRECATED_OBJC_IMPLEMENTATIONS = YES;
				CLANG_WARN_DIRECT_OBJC_ISA_USAGE = YES_ERROR;
				CLANG_WARN_DOCUMENTATION_COMMENTS = YES;
				CLANG_WARN_EMPTY_BODY = YES;
				CLANG_WARN_ENUM_CONVERSION = YES;
				CLANG_WARN_INFINITE_RECURSION = YES;
				CLANG_WARN_INT_CONVERSION = YES;
				CLANG_WARN_NON_LITERAL_NULL_CONVERSION = YES;
				CLANG_WARN_OBJC_IMPLICIT_RETAIN_SELF = YES;
				CLANG_WARN_OBJC_LITERAL_CONVERSION = YES;
				CLANG_WARN_OBJC_ROOT_CLASS = YES_ERROR;
				CLANG_WARN_QUOTED_INCLUDE_IN_FRAMEWORK_HEADER = YES;
				CLANG_WARN_RANGE_LOOP_ANALYSIS = YES;
				CLANG_WARN_STRICT_PROTOTYPES = YES;
				CLANG_WARN_SUSPICIOUS_MOVE = YES;
				CLANG_WARN_UNGUARDED_AVAILABILITY = YES_AGGRESSIVE;
				CLANG_WARN_UNREACHABLE_CODE = YES;
				CLANG_WARN__DUPLICATE_METHOD_MATCH = YES;
				COPY_PHASE_STRIP = NO;
				DEBUG_INFORMATION_FORMAT = dwarf;
				ENABLE_STRICT_OBJC_MSGSEND = YES;
				ENABLE_TESTABILITY = YES;
				GCC_C_LANGUAGE_STANDARD = gnu11;
				GCC_DYNAMIC_NO_PIC = NO;
				GCC_NO_COMMON_BLOCKS = YES;
				GCC_OPTIMIZATION_LEVEL = 0;
				GCC_PREPROCESSOR_DEFINITIONS = (
					"DEBUG=1",
					"$(inherited)",
				);
				GCC_WARN_64_TO_32_BIT_CONVERSION = YES;
				GCC_WARN_ABOUT_RETURN_TYPE = YES_ERROR;
				GCC_WARN_UNDECLARED_SELECTOR = YES;
				GCC_WARN_UNINITIALIZED_AUTOS = YES_AGGRESSIVE;
				GCC_WARN_UNUSED_FUNCTION = YES;
				GCC_WARN_UNUSED_VARIABLE = YES;
				INFOPLIST_KEY_CFBundleDisplayName = "환율계산기";
				IPHONEOS_DEPLOYMENT_TARGET = 13.0;
				MTL_ENABLE_DEBUG_INFO = INCLUDE_SOURCE;
				MTL_FAST_MATH = YES;
				ONLY_ACTIVE_ARCH = YES;
				SDKROOT = iphoneos;
				SWIFT_ACTIVE_COMPILATION_CONDITIONS = DEBUG;
				SWIFT_OPTIMIZATION_LEVEL = "-Onone";
			};
			name = Debug;
		};
		745004A729A4995F00945D22 /* Release */ = {
			isa = XCBuildConfiguration;
			buildSettings = {
				ALWAYS_SEARCH_USER_PATHS = NO;
				CLANG_ANALYZER_NONNULL = YES;
				CLANG_ANALYZER_NUMBER_OBJECT_CONVERSION = YES_AGGRESSIVE;
				CLANG_CXX_LANGUAGE_STANDARD = "gnu++20";
				CLANG_ENABLE_MODULES = YES;
				CLANG_ENABLE_OBJC_ARC = YES;
				CLANG_ENABLE_OBJC_WEAK = YES;
				CLANG_WARN_BLOCK_CAPTURE_AUTORELEASING = YES;
				CLANG_WARN_BOOL_CONVERSION = YES;
				CLANG_WARN_COMMA = YES;
				CLANG_WARN_CONSTANT_CONVERSION = YES;
				CLANG_WARN_DEPRECATED_OBJC_IMPLEMENTATIONS = YES;
				CLANG_WARN_DIRECT_OBJC_ISA_USAGE = YES_ERROR;
				CLANG_WARN_DOCUMENTATION_COMMENTS = YES;
				CLANG_WARN_EMPTY_BODY = YES;
				CLANG_WARN_ENUM_CONVERSION = YES;
				CLANG_WARN_INFINITE_RECURSION = YES;
				CLANG_WARN_INT_CONVERSION = YES;
				CLANG_WARN_NON_LITERAL_NULL_CONVERSION = YES;
				CLANG_WARN_OBJC_IMPLICIT_RETAIN_SELF = YES;
				CLANG_WARN_OBJC_LITERAL_CONVERSION = YES;
				CLANG_WARN_OBJC_ROOT_CLASS = YES_ERROR;
				CLANG_WARN_QUOTED_INCLUDE_IN_FRAMEWORK_HEADER = YES;
				CLANG_WARN_RANGE_LOOP_ANALYSIS = YES;
				CLANG_WARN_STRICT_PROTOTYPES = YES;
				CLANG_WARN_SUSPICIOUS_MOVE = YES;
				CLANG_WARN_UNGUARDED_AVAILABILITY = YES_AGGRESSIVE;
				CLANG_WARN_UNREACHABLE_CODE = YES;
				CLANG_WARN__DUPLICATE_METHOD_MATCH = YES;
				COPY_PHASE_STRIP = NO;
				DEBUG_INFORMATION_FORMAT = "dwarf-with-dsym";
				ENABLE_NS_ASSERTIONS = NO;
				ENABLE_STRICT_OBJC_MSGSEND = YES;
				GCC_C_LANGUAGE_STANDARD = gnu11;
				GCC_NO_COMMON_BLOCKS = YES;
				GCC_WARN_64_TO_32_BIT_CONVERSION = YES;
				GCC_WARN_ABOUT_RETURN_TYPE = YES_ERROR;
				GCC_WARN_UNDECLARED_SELECTOR = YES;
				GCC_WARN_UNINITIALIZED_AUTOS = YES_AGGRESSIVE;
				GCC_WARN_UNUSED_FUNCTION = YES;
				GCC_WARN_UNUSED_VARIABLE = YES;
				INFOPLIST_KEY_CFBundleDisplayName = "환율계산기";
				IPHONEOS_DEPLOYMENT_TARGET = 13.0;
				MTL_ENABLE_DEBUG_INFO = NO;
				MTL_FAST_MATH = YES;
				SDKROOT = iphoneos;
				SWIFT_COMPILATION_MODE = wholemodule;
				SWIFT_OPTIMIZATION_LEVEL = "-O";
				VALIDATE_PRODUCT = YES;
			};
			name = Release;
		};
		745004A929A4995F00945D22 /* Debug */ = {
			isa = XCBuildConfiguration;
			buildSettings = {
				ASSETCATALOG_COMPILER_APPICON_NAME = AppIcon;
				ASSETCATALOG_COMPILER_GLOBAL_ACCENT_COLOR_NAME = AccentColor;
				CODE_SIGN_STYLE = Automatic;
				CURRENT_PROJECT_VERSION = 1;
				DEVELOPMENT_TEAM = F9GU92M4V2;
				GENERATE_INFOPLIST_FILE = YES;
				INFOPLIST_FILE = RealTimeCalculator/Info.plist;
				INFOPLIST_KEY_CFBundleDisplayName = "환율계산기";
				INFOPLIST_KEY_UIApplicationSupportsIndirectInputEvents = YES;
				INFOPLIST_KEY_UILaunchStoryboardName = LaunchScreen;
				INFOPLIST_KEY_UISupportedInterfaceOrientations = UIInterfaceOrientationPortrait;
				INFOPLIST_KEY_UISupportedInterfaceOrientations_iPad = "UIInterfaceOrientationLandscapeLeft UIInterfaceOrientationLandscapeRight UIInterfaceOrientationPortrait UIInterfaceOrientationPortraitUpsideDown";
				IPHONEOS_DEPLOYMENT_TARGET = 13.0;
				LD_RUNPATH_SEARCH_PATHS = (
					"$(inherited)",
					"@executable_path/Frameworks",
				);
				MARKETING_VERSION = 1.0;
				PRODUCT_BUNDLE_IDENTIFIER = com.suheon.RealTimeCalculator;
				PRODUCT_NAME = "$(TARGET_NAME)";
				SUPPORTED_PLATFORMS = "iphoneos iphonesimulator";
				SUPPORTS_MACCATALYST = NO;
				SUPPORTS_MAC_DESIGNED_FOR_IPHONE_IPAD = NO;
				SWIFT_EMIT_LOC_STRINGS = YES;
				SWIFT_VERSION = 5.0;
				TARGETED_DEVICE_FAMILY = 1;
			};
			name = Debug;
		};
		745004AA29A4995F00945D22 /* Release */ = {
			isa = XCBuildConfiguration;
			buildSettings = {
				ASSETCATALOG_COMPILER_APPICON_NAME = AppIcon;
				ASSETCATALOG_COMPILER_GLOBAL_ACCENT_COLOR_NAME = AccentColor;
				CODE_SIGN_STYLE = Automatic;
				CURRENT_PROJECT_VERSION = 1;
				DEVELOPMENT_TEAM = F9GU92M4V2;
				GENERATE_INFOPLIST_FILE = YES;
				INFOPLIST_FILE = RealTimeCalculator/Info.plist;
				INFOPLIST_KEY_CFBundleDisplayName = "환율계산기";
				INFOPLIST_KEY_UIApplicationSupportsIndirectInputEvents = YES;
				INFOPLIST_KEY_UILaunchStoryboardName = LaunchScreen;
				INFOPLIST_KEY_UISupportedInterfaceOrientations = UIInterfaceOrientationPortrait;
				INFOPLIST_KEY_UISupportedInterfaceOrientations_iPad = "UIInterfaceOrientationLandscapeLeft UIInterfaceOrientationLandscapeRight UIInterfaceOrientationPortrait UIInterfaceOrientationPortraitUpsideDown";
				IPHONEOS_DEPLOYMENT_TARGET = 13.0;
				LD_RUNPATH_SEARCH_PATHS = (
					"$(inherited)",
					"@executable_path/Frameworks",
				);
				MARKETING_VERSION = 1.0;
				PRODUCT_BUNDLE_IDENTIFIER = com.suheon.RealTimeCalculator;
				PRODUCT_NAME = "$(TARGET_NAME)";
				SUPPORTED_PLATFORMS = "iphoneos iphonesimulator";
				SUPPORTS_MACCATALYST = NO;
				SUPPORTS_MAC_DESIGNED_FOR_IPHONE_IPAD = NO;
				SWIFT_EMIT_LOC_STRINGS = YES;
				SWIFT_VERSION = 5.0;
				TARGETED_DEVICE_FAMILY = 1;
			};
			name = Release;
		};
/* End XCBuildConfiguration section */

/* Begin XCConfigurationList section */
		7450048C29A4995E00945D22 /* Build configuration list for PBXProject "RealTimeCalculator" */ = {
			isa = XCConfigurationList;
			buildConfigurations = (
				745004A629A4995F00945D22 /* Debug */,
				745004A729A4995F00945D22 /* Release */,
			);
			defaultConfigurationIsVisible = 0;
			defaultConfigurationName = Release;
		};
		745004A829A4995F00945D22 /* Build configuration list for PBXNativeTarget "RealTimeCalculator" */ = {
			isa = XCConfigurationList;
			buildConfigurations = (
				745004A929A4995F00945D22 /* Debug */,
				745004AA29A4995F00945D22 /* Release */,
			);
			defaultConfigurationIsVisible = 0;
			defaultConfigurationName = Release;
		};
/* End XCConfigurationList section */

/* Begin XCVersionGroup section */
		742A6C4029D5B8ED008F3B80 /* CurrencySaved.xcdatamodeld */ = {
			isa = XCVersionGroup;
			children = (
				742A6C4129D5B8ED008F3B80 /* CurrencySaved.xcdatamodel */,
			);
			currentVersion = 742A6C4129D5B8ED008F3B80 /* CurrencySaved.xcdatamodel */;
			path = CurrencySaved.xcdatamodeld;
			sourceTree = "<group>";
			versionGroupType = wrapper.xcdatamodel;
		};
/* End XCVersionGroup section */
	};
	rootObject = 7450048929A4995E00945D22 /* Project object */;
}
